{
    "_meta": {
        "hash": {
            "sha256": "ad1346f5cf805f9bcd4113307039b8cdac335f0be72066c4ced0c2ed3da61575"
        },
        "pipfile-spec": 6,
        "requires": {
            "python_version": "3.7"
        },
        "sources": [
            {
                "name": "pypi",
                "url": "https://pypi.org/simple",
                "verify_ssl": true
            }
        ]
    },
    "default": {
        "nats-python": {
            "hashes": [
                "sha256:2b72eb8cf7d81b9a0110c2ddbed7f624ea3475096fad1670b6a290e0c6589ce9",
                "sha256:67410bc139e43894717d96ea16a53537e79e4b0a8ac66ab88f0497e230695d4b"
            ],
            "index": "pypi",
            "version": "==0.8.0"
        },
        "pydispatcher": {
            "hashes": [
                "sha256:5570069e1b1769af1fe481de6dd1d3a388492acddd2cdad7a3bde145615d5caf",
                "sha256:5be4a8be12805ef7d712dd9a93284fb8bc53f309867e573f653a72e5fd10e433"
            ],
            "version": "==2.0.5"
        },
        "pyserial": {
            "hashes": [
                "sha256:3c77e014170dfffbd816e6ffc205e9842efb10be9f58ec16d3e8675b4925cddb",
                "sha256:c4451db6ba391ca6ca299fb3ec7bae67a5c55dde170964c7a14ceefec02f2cf0"
            ],
            "version": "==3.5"
        },
        "python-openzwave": {
            "hashes": [
                "sha256:2b692eac17b17ef88606e6e0f529e4ec7a77fc7c8e8180cdf518b00873d5f0a1",
                "sha256:4b79e253a3ae5270e4eed867088c1118cba9a239539b08ea25849fe32b937f22",
                "sha256:6b40c7711383eeb3535cf5504f1cf47cc1ac7018eb820f299642a5a2795aef84",
                "sha256:6fcd10100381dcf032adb00805a8cd90d551f3411048197e22b1957fc09c4fb0",
                "sha256:81b37980573cc9a32f759b9012a924e8af905b98c4585fb07bef93b25053228d",
                "sha256:8248a2a28b44bd83d2b28db9e5815c838a1c5066ccf4409bcd0be8a1d2ed1d60",
                "sha256:b142c0c98a39a7facc432747cd429e203eec230bc2c71d67e9fb2e5ae3eb8971",
                "sha256:d2e777aaecdec1231f1c082ffd7e9b1ded44274649b50560d0241aa318c50a9d",
                "sha256:ea5d6ff109c4db12e414c6490f6afa0ab91554a0e0f69a2d644d96b3e1e564b7"
            ],
            "index": "pypi",
            "version": "==0.4.19"
        },
        "six": {
            "hashes": [
                "sha256:30639c035cdb23534cd4aa2dd52c3bf48f06e5f4a941509c8bafd8ce11080259",
                "sha256:8b74bedcbbbaca38ff6d7491d76f2b06b3592611af620f8426e82dddb04a5ced"
            ],
            "markers": "python_version >= '2.7' and python_version not in '3.0, 3.1, 3.2, 3.3'",
            "version": "==1.15.0"
        }
    },
    "develop": {}
}
